{
  "name": "kotlin-node-karakum",
  "version": "unspecified",
  "lockfileVersion": 3,
  "requires": true,
  "packages": {
    "": {
      "name": "kotlin-node-karakum",
      "version": "unspecified",
      "workspaces": [
        "packages/kotlin-node-karakum",
        "packages/kotlin-node-karakum-test",
        "packages_imported/karakum/1.0.0-alpha.103",
        "packages_imported/kotlin-node/2025.10.12-24.7.1",
        "packages_imported/kotlin-typescript/2025.10.12-5.9.3"
      ],
      "devDependencies": {}
    },
    "node_modules/@types/node": {
      "version": "24.11.0",
      "resolved": "https://registry.npmjs.org/@types/node/-/node-24.11.0.tgz",
      "integrity": "sha512-fPxQqz4VTgPI/IQ+lj9r0h+fDR66bzoeMGHp8ASee+32OSGIkeASsoZuJixsQoVef1QJbeubcPBxKk22QVoWdw==",
      "license": "MIT",
      "dependencies": {
        "undici-types": "~7.16.0"
      }
    },
    "node_modules/buffer-from": {
      "version": "1.1.2",
      "resolved": "https://registry.npmjs.org/buffer-from/-/buffer-from-1.1.2.tgz",
      "integrity": "sha512-E+XQCRwSbaaiChtv6k6Dwgc+bx+Bs6vuKJHHl5kox/BaKbhiXzqQOwK4cO22yElGp2OCmjwVhT3HmxgyPGnJfQ==",
      "dev": true,
      "license": "MIT"
    },
    "node_modules/format-util": {
      "version": "1.0.5",
      "resolved": "https://registry.npmjs.org/format-util/-/format-util-1.0.5.tgz",
      "integrity": "sha512-varLbTj0e0yVyRpqQhuWV+8hlePAgaoFRhNFj50BNjEIrw1/DphHSObtqwskVCPWNgzwPoQrZAbfa/SBiicNeg==",
      "dev": true,
      "license": "MIT"
    },
    "node_modules/karakum": {
      "resolved": "packages_imported/karakum/1.0.0-alpha.103",
      "link": true
    },
    "node_modules/kotlin-node": {
      "resolved": "packages_imported/kotlin-node/2025.10.12-24.7.1",
      "link": true
    },
    "node_modules/kotlin-node-karakum": {
      "resolved": "packages/kotlin-node-karakum",
      "link": true
    },
    "node_modules/kotlin-node-karakum-test": {
      "resolved": "packages/kotlin-node-karakum-test",
      "link": true
    },
    "node_modules/kotlin-typescript": {
      "resolved": "packages_imported/kotlin-typescript/2025.10.12-5.9.3",
      "link": true
    },
    "node_modules/kotlin-web-helpers": {
      "version": "3.0.0",
      "resolved": "https://registry.npmjs.org/kotlin-web-helpers/-/kotlin-web-helpers-3.0.0.tgz",
      "integrity": "sha512-kdQO4AJQkUPvpLh9aglkXDRyN+CfXO7pKq+GESEnxooBFkQpytLrqZis3ABvmFN1cGw/ZQ/K38u5sRGW+NfBnw==",
      "dev": true,
      "license": "Apache-2.0",
      "dependencies": {
        "format-util": "^1.0.5"
      }
    },
    "node_modules/mocha": {
      "name": "empty-npm-package",
      "version": "1.0.0",
      "resolved": "https://registry.npmjs.org/empty-npm-package/-/empty-npm-package-1.0.0.tgz",
      "integrity": "sha512-q4Mq/+XO7UNDdMiPpR/LIBIW1Zl4V0Z6UT9aKGqIAnBCtCb3lvZJM1KbDbdzdC8fKflwflModfjR29Nt0EpcwA==",
      "dev": true,
      "license": "ISC"
    },
    "node_modules/source-map": {
      "version": "0.6.1",
      "resolved": "https://registry.npmjs.org/source-map/-/source-map-0.6.1.tgz",
      "integrity": "sha512-UjgapumWlbMhkBgzT7Ykc5YXUT46F0iKu8SGXq0bcwP5dz/h0Plj6enJqjz1Zbq2l5WaqYnrVbwWOWMyF3F47g==",
      "dev": true,
      "license": "BSD-3-Clause",
      "engines": {
        "node": ">=0.10.0"
      }
    },
    "node_modules/source-map-support": {
      "version": "0.5.21",
      "resolved": "https://registry.npmjs.org/source-map-support/-/source-map-support-0.5.21.tgz",
      "integrity": "sha512-uBHU3L3czsIyYXKX88fdrGovxdSCoTGDRZ6SYXtSRxLZUzHg5P/66Ht6uoUlHu9EZod+inXhKo3qQgwXUT/y1w==",
      "dev": true,
      "license": "MIT",
      "dependencies": {
        "buffer-from": "^1.0.0",
        "source-map": "^0.6.0"
      }
    },
    "node_modules/typescript": {
      "version": "5.9.3",
      "resolved": "https://registry.npmjs.org/typescript/-/typescript-5.9.3.tgz",
      "integrity": "sha512-jl1vZzPDinLr9eUt3J/t7V6FgNEw9QjvBPdysz9KfQDD41fQrC2Y4vKQdiaUpFT4bXlb1RHhLpp8wtm6M5TgSw==",
      "license": "Apache-2.0",
      "peer": true,
      "bin": {
        "tsc": "bin/tsc",
        "tsserver": "bin/tsserver"
      },
      "engines": {
        "node": ">=14.17"
      }
    },
    "node_modules/undici-types": {
      "version": "7.16.0",
      "resolved": "https://registry.npmjs.org/undici-types/-/undici-types-7.16.0.tgz",
      "integrity": "sha512-Zz+aZWSj8LE6zoxD+xrjh4VfkIG8Ya6LvYkZqtUQGJPZjYl53ypCaUwWqo7eI0x66KBGeRo+mlBEkMSeSZ38Nw==",
      "license": "MIT"
    },
    "packages_imported/karakum/1.0.0-alpha.103": {
      "name": "karakum",
      "version": "1.0.0-alpha.103",
      "devDependencies": {},
      "peerDependencies": {
        "typescript": "^5.9.3"
      }
    },
    "packages_imported/kotlin-node/2025.10.12-24.7.1": {
      "name": "kotlin-node",
      "version": "2025.10.12-24.7.1",
      "devDependencies": {}
    },
    "packages_imported/kotlin-typescript/2025.10.12-5.9.3": {
      "name": "kotlin-typescript",
      "version": "2025.10.12-5.9.3",
      "dependencies": {
        "typescript": "^5.9.3"
      },
      "devDependencies": {}
    },
    "packages/kotlin-node-karakum": {
      "version": "0.0.0-unspecified",
      "dependencies": {
        "@types/node": "24.11.0"
      },
      "devDependencies": {
        "source-map-support": "0.5.21"
      },
      "peerDependencies": {
        "typescript": "^5.9.3"
      }
    },
    "packages/kotlin-node-karakum-test": {
      "version": "0.0.0-unspecified",
      "dependencies": {
        "@types/node": "24.11.0"
      },
      "devDependencies": {
        "kotlin-web-helpers": "3.0.0",
        "mocha": "npm:empty-npm-package@1.0.0",
        "source-map-support": "0.5.21"
      },
      "peerDependencies": {
        "typescript": "^5.9.3"
      }
    }
  }
}
